// !$*UTF8*$!
{
	archiveVersion = 1;
	classes = {
	};
	objectVersion = 77;
	objects = {

/* Begin PBXBuildFile section */
		158D990022696984513258B6 /* Levels.swift in Sources */ = {isa = PBXBuildFile; fileRef = 331E3964A5288EAC11E9F4CE /* Levels.swift */; };
		1B79B5F921AEE7ABEC33B9F4 /* BrickBreakerScene.swift in Sources */ = {isa = PBXBuildFile; fileRef = 2F388FE8F2DA684B832E792C /* BrickBreakerScene.swift */; };
		3975AC3EEE8332E4E6748057 /* BrickBreakerTypes.swift in Sources */ = {isa = PBXBuildFile; fileRef = 02D0844733F00F3C1AB706C7 /* BrickBreakerTypes.swift */; };
		44F4F72F6214043CD8665CBC /* BrickBreakerCameraApp.swift in Sources */ = {isa = PBXBuildFile; fileRef = 578022F604C469F85E7C34F5 /* BrickBreakerCameraApp.swift */; };
		5DAB0C804C505138AE630AF9 /* GameView.swift in Sources */ = {isa = PBXBuildFile; fileRef = 6FA270D9873769FF5600EE1D /* GameView.swift */; };
		64E71E77318EDC22A00DA3C8 /* MenuView.swift in Sources */ = {isa = PBXBuildFile; fileRef = ACA3119946A37EA13872A8B2 /* MenuView.swift */; };
		7169099800EF596BC918C42C /* SoundManager.swift in Sources */ = {isa = PBXBuildFile; fileRef = 668076C29656BFF9004A45DF /* SoundManager.swift */; };
		88351CAE852B635629EF506D /* Assets.xcassets in Resources */ = {isa = PBXBuildFile; fileRef = 6E8F6B6303B01FF56BC1D41F /* Assets.xcassets */; };
		CB97D586D2E2F6F3DA12BDFF /* GameState.swift in Sources */ = {isa = PBXBuildFile; fileRef = DCDFDEA684FE06AAD2272506 /* GameState.swift */; };
		CBD78A1E1334E31F1D3F4569 /* CameraManager.swift in Sources */ = {isa = PBXBuildFile; fileRef = 954608E65641E5A4AEA0BF0F /* CameraManager.swift */; };
		D20636ACD79D8AF95A10BD50 /* HowToPlayView.swift in Sources */ = {isa = PBXBuildFile; fileRef = 5FF85FFBE3AC98DD6B0949A4 /* HowToPlayView.swift */; };
		E66AC11E1C14DC72C1B7BC73 /* ContentView.swift in Sources */ = {isa = PBXBuildFile; fileRef = 9E8D2990680F9EFD17074A50 /* ContentView.swift */; };
		FB4E52C17B8B771E96613614 /* CameraPreviewView.swift in Sources */ = {isa = PBXBuildFile; fileRef = 4491C7AF0A30AD2E0BBBF48E /* CameraPreviewView.swift */; };
/* End PBXBuildFile section */

/* Begin PBXFileReference section */
		02D0844733F00F3C1AB706C7 /* BrickBreakerTypes.swift */ = {isa = PBXFileReference; lastKnownFileType = sourcecode.swift; path = BrickBreakerTypes.swift; sourceTree = "<group>"; };
		2F388FE8F2DA684B832E792C /* BrickBreakerScene.swift */ = {isa = PBXFileReference; lastKnownFileType = sourcecode.swift; path = BrickBreakerScene.swift; sourceTree = "<group>"; };
		331E3964A5288EAC11E9F4CE /* Levels.swift */ = {isa = PBXFileReference; lastKnownFileType = sourcecode.swift; path = Levels.swift; sourceTree = "<group>"; };
		4491C7AF0A30AD2E0BBBF48E /* CameraPreviewView.swift */ = {isa = PBXFileReference; lastKnownFileType = sourcecode.swift; path = CameraPreviewView.swift; sourceTree = "<group>"; };
		506B545B29B0572BE7312E66 /* BrickBreakerCamera.app */ = {isa = PBXFileReference; includeInIndex = 0; lastKnownFileType = wrapper.application; path = BrickBreakerCamera.app; sourceTree = BUILT_PRODUCTS_DIR; };
		578022F604C469F85E7C34F5 /* BrickBreakerCameraApp.swift */ = {isa = PBXFileReference; lastKnownFileType = sourcecode.swift; path = BrickBreakerCameraApp.swift; sourceTree = "<group>"; };
		5FF85FFBE3AC98DD6B0949A4 /* HowToPlayView.swift */ = {isa = PBXFileReference; lastKnownFileType = sourcecode.swift; path = HowToPlayView.swift; sourceTree = "<group>"; };
		668076C29656BFF9004A45DF /* SoundManager.swift */ = {isa = PBXFileReference; lastKnownFileType = sourcecode.swift; path = SoundManager.swift; sourceTree = "<group>"; };
		6E8F6B6303B01FF56BC1D41F /* Assets.xcassets */ = {isa = PBXFileReference; lastKnownFileType = folder.assetcatalog; path = Assets.xcassets; sourceTree = "<group>"; };
		6FA270D9873769FF5600EE1D /* GameView.swift */ = {isa = PBXFileReference; lastKnownFileType = sourcecode.swift; path = GameView.swift; sourceTree = "<group>"; };
		954608E65641E5A4AEA0BF0F /* CameraManager.swift */ = {isa = PBXFileReference; lastKnownFileType = sourcecode.swift; path = CameraManager.swift; sourceTree = "<group>"; };
		9E8D2990680F9EFD17074A50 /* ContentView.swift */ = {isa = PBXFileReference; lastKnownFileType = sourcecode.swift; path = ContentView.swift; sourceTree = "<group>"; };
		ACA3119946A37EA13872A8B2 /* MenuView.swift */ = {isa = PBXFileReference; lastKnownFileType = sourcecode.swift; path = MenuView.swift; sourceTree = "<group>"; };
		DCDFDEA684FE06AAD2272506 /* GameState.swift */ = {isa = PBXFileReference; lastKnownFileType = sourcecode.swift; path = GameState.swift; sourceTree = "<group>"; };
/* End PBXFileReference section */

/* Begin PBXGroup section */
		13978EA1A04010804206B9D8 /* Products */ = {
			isa = PBXGroup;
			children = (
				506B545B29B0572BE7312E66 /* BrickBreakerCamera.app */,
			);
			name = Products;
			sourceTree = "<group>";
		};
		18AE44D62B3DCD9A745D50F3 = {
			isa = PBXGroup;
			children = (
				81C42DBFDC264F9CF595168C /* Sources */,
				13978EA1A04010804206B9D8 /* Products */,
			);
			sourceTree = "<group>";
		};
		2085CBE1187A3CBCE7A12616 /* Game */ = {
			isa = PBXGroup;
			children = (
				2F388FE8F2DA684B832E792C /* BrickBreakerScene.swift */,
				02D0844733F00F3C1AB706C7 /* BrickBreakerTypes.swift */,
				DCDFDEA684FE06AAD2272506 /* GameState.swift */,
				331E3964A5288EAC11E9F4CE /* Levels.swift */,
				668076C29656BFF9004A45DF /* SoundManager.swift */,
			);
			path = Game;
			sourceTree = "<group>";
		};
		74F3DC35EE73D0B4DBC6EF94 /* Views */ = {
			isa = PBXGroup;
			children = (
				6FA270D9873769FF5600EE1D /* GameView.swift */,
				5FF85FFBE3AC98DD6B0949A4 /* HowToPlayView.swift */,
				ACA3119946A37EA13872A8B2 /* MenuView.swift */,
			);
			path = Views;
			sourceTree = "<group>";
		};
		81C42DBFDC264F9CF595168C /* Sources */ = {
			isa = PBXGroup;
			children = (
				6E8F6B6303B01FF56BC1D41F /* Assets.xcassets */,
				578022F604C469F85E7C34F5 /* BrickBreakerCameraApp.swift */,
				954608E65641E5A4AEA0BF0F /* CameraManager.swift */,
				4491C7AF0A30AD2E0BBBF48E /* CameraPreviewView.swift */,
				9E8D2990680F9EFD17074A50 /* ContentView.swift */,
				2085CBE1187A3CBCE7A12616 /* Game */,
				74F3DC35EE73D0B4DBC6EF94 /* Views */,
			);
			path = Sources;
			sourceTree = "<group>";
		};
/* End PBXGroup section */

/* Begin PBXNativeTarget section */
		482D8AA82D472E86991243B2 /* BrickBreakerCamera */ = {
			isa = PBXNativeTarget;
			buildConfigurationList = 04961B5123382FA5228CF2ED /* Build configuration list for PBXNativeTarget "BrickBreakerCamera" */;
			buildPhases = (
				1FEBFD1D75E13E3EE8CECECB /* Sources */,
				DBFE0C1C1F23C9635CD4C123 /* Resources */,
			);
			buildRules = (
			);
			dependencies = (
			);
			name = BrickBreakerCamera;
			packageProductDependencies = (
			);
			productName = BrickBreakerCamera;
			productReference = 506B545B29B0572BE7312E66 /* BrickBreakerCamera.app */;
			productType = "com.apple.product-type.application";
		};
/* End PBXNativeTarget section */

/* Begin PBXProject section */
		2B310975DD06B22B00789159 /* Project object */ = {
			isa = PBXProject;
			attributes = {
				BuildIndependentTargetsInParallel = YES;
				LastUpgradeCheck = 1430;
				TargetAttributes = {
					482D8AA82D472E86991243B2 = {
						DevelopmentTeam = 75M38Z9JBF;
						ProvisioningStyle = Automatic;
					};
				};
			};
			buildConfigurationList = 651B041C4103DF1BBA720F50 /* Build configuration list for PBXProject "BrickBreakerCamera" */;
			developmentRegion = en;
			hasScannedForEncodings = 0;
			knownRegions = (
				Base,
				en,
			);
			mainGroup = 18AE44D62B3DCD9A745D50F3;
			minimizedProjectReferenceProxies = 1;
			preferredProjectObjectVersion = 77;
			productRefGroup = 13978EA1A04010804206B9D8 /* Products */;
			projectDirPath = "";
			projectRoot = "";
			targets = (
				482D8AA82D472E86991243B2 /* BrickBreakerCamera */,
			);
		};
/* End PBXProject section */

/* Begin PBXResourcesBuildPhase section */
		DBFE0C1C1F23C9635CD4C123 /* Resources */ = {
			isa = PBXResourcesBuildPhase;
			buildActionMask = 2147483647;
			files = (
				88351CAE852B635629EF506D /* Assets.xcassets in Resources */,
			);
			runOnlyForDeploymentPostprocessing = 0;
		};
/* End PBXResourcesBuildPhase section */

/* Begin PBXSourcesBuildPhase section */
		1FEBFD1D75E13E3EE8CECECB /* Sources */ = {
			isa = PBXSourcesBuildPhase;
			buildActionMask = 2147483647;
			files = (
				44F4F72F6214043CD8665CBC /* BrickBreakerCameraApp.swift in Sources */,
				1B79B5F921AEE7ABEC33B9F4 /* BrickBreakerScene.swift in Sources */,
				3975AC3EEE8332E4E6748057 /* BrickBreakerTypes.swift in Sources */,
				CBD78A1E1334E31F1D3F4569 /* CameraManager.swift in Sources */,
				FB4E52C17B8B771E96613614 /* CameraPreviewView.swift in Sources */,
				E66AC11E1C14DC72C1B7BC73 /* ContentView.swift in Sources */,
				CB97D586D2E2F6F3DA12BDFF /* GameState.swift in Sources */,
				5DAB0C804C505138AE630AF9 /* GameView.swift in Sources */,
				D20636ACD79D8AF95A10BD50 /* HowToPlayView.swift in Sources */,
				158D990022696984513258B6 /* Levels.swift in Sources */,
				64E71E77318EDC22A00DA3C8 /* MenuView.swift in Sources */,
				7169099800EF596BC918C42C /* SoundManager.swift in Sources */,
			);
			runOnlyForDeploymentPostprocessing = 0;
		};
/* End PBXSourcesBuildPhase section */

/* Begin XCBuildConfiguration section */
		2D40A0FDE97B44163A8032E7 /* Debug */ = {
			isa = XCBuildConfiguration;
			buildSettings = {
				ALWAYS_SEARCH_USER_PATHS = NO;
				CLANG_ANALYZER_NONNULL = YES;
				CLANG_ANALYZER_NUMBER_OBJECT_CONVERSION = YES_AGGRESSIVE;
				CLANG_CXX_LANGUAGE_STANDARD = "gnu++14";
				CLANG_CXX_LIBRARY = "libc++";
				CLANG_ENABLE_MODULES = YES;
				CLANG_ENABLE_OBJC_ARC = YES;
				CLANG_ENABLE_OBJC_WEAK = YES;
				CLANG_WARN_BLOCK_CAPTURE_AUTORELEASING = YES;
				CLANG_WARN_BOOL_CONVERSION = YES;
				CLANG_WARN_COMMA = YES;
				CLANG_WARN_CONSTANT_CONVERSION = YES;
				CLANG_WARN_DEPRECATED_OBJC_IMPLEMENTATIONS = YES;
				CLANG_WARN_DIRECT_OBJC_ISA_USAGE = YES_ERROR;
				CLANG_WARN_DOCUMENTATION_COMMENTS = YES;
				CLANG_WARN_EMPTY_BODY = YES;
				CLANG_WARN_ENUM_CONVERSION = YES;
				CLANG_WARN_INFINITE_RECURSION = YES;
				CLANG_WARN_INT_CONVERSION = YES;
				CLANG_WARN_NON_LITERAL_NULL_CONVERSION = YES;
				CLANG_WARN_OBJC_IMPLICIT_RETAIN_SELF = YES;
				CLANG_WARN_OBJC_LITERAL_CONVERSION = YES;
				CLANG_WARN_OBJC_ROOT_CLASS = YES_ERROR;
				CLANG_WARN_QUOTED_INCLUDE_IN_FRAMEWORK_HEADER = YES;
				CLANG_WARN_RANGE_LOOP_ANALYSIS = YES;
				CLANG_WARN_STRICT_PROTOTYPES = YES;
				CLANG_WARN_SUSPICIOUS_MOVE = YES;
				CLANG_WARN_UNGUARDED_AVAILABILITY = YES_AGGRESSIVE;
				CLANG_WARN_UNREACHABLE_CODE = YES;
				CLANG_WARN__DUPLICATE_METHOD_MATCH = YES;
				COPY_PHASE_STRIP = NO;
				DEBUG_INFORMATION_FORMAT = dwarf;
				ENABLE_STRICT_OBJC_MSGSEND = YES;
				ENABLE_TESTABILITY = YES;
				GCC_C_LANGUAGE_STANDARD = gnu11;
				GCC_DYNAMIC_NO_PIC = NO;
				GCC_NO_COMMON_BLOCKS = YES;
				GCC_OPTIMIZATION_LEVEL = 0;
				GCC_PREPROCESSOR_DEFINITIONS = (
					"$(inherited)",
					"DEBUG=1",
				);
				GCC_WARN_64_TO_32_BIT_CONVERSION = YES;
				GCC_WARN_ABOUT_RETURN_TYPE = YES_ERROR;
				GCC_WARN_UNDECLARED_SELECTOR = YES;
				GCC_WARN_UNINITIALIZED_AUTOS = YES_AGGRESSIVE;
				GCC_WARN_UNUSED_FUNCTION = YES;
				GCC_WARN_UNUSED_VARIABLE = YES;
				MTL_ENABLE_DEBUG_INFO = INCLUDE_SOURCE;
				MTL_FAST_MATH = YES;
				ONLY_ACTIVE_ARCH = YES;
				PRODUCT_NAME = "$(TARGET_NAME)";
				SDKROOT = iphoneos;
				SWIFT_ACTIVE_COMPILATION_CONDITIONS = DEBUG;
				SWIFT_OPTIMIZATION_LEVEL = "-Onone";
				SWIFT_VERSION = 5.0;
			};
			name = Debug;
		};
		34EFF9B3E092051EBAC66ED7 /* Release */ = {
			isa = XCBuildConfiguration;
			buildSettings = {
				ASSETCATALOG_COMPILER_APPICON_NAME = AppIcon;
				CODE_SIGN_IDENTITY = "iPhone Developer";
				CODE_SIGN_STYLE = Automatic;
				DEVELOPMENT_TEAM = 75M38Z9JBF;
				GENERATE_INFOPLIST_FILE = YES;
				INFOPLIST_KEY_CFBundleDisplayName = BrickBreaker;
				INFOPLIST_KEY_NSCameraUsageDescription = "Camera is required so the Camera Control slider stays active while you steer the paddle.";
				INFOPLIST_KEY_UILaunchScreen_Generation = YES;
				IPHONEOS_DEPLOYMENT_TARGET = 18.0;
				LD_RUNPATH_SEARCH_PATHS = (
					"$(inherited)",
					"@executable_path/Frameworks",
				);
				PRODUCT_BUNDLE_IDENTIFIER = "com.ebenfeld.brickbreaker-camera";
				SDKROOT = iphoneos;
				TARGETED_DEVICE_FAMILY = 1;
			};
			name = Release;
		};
		BA455B2550C282C2890AC9F8 /* Release */ = {
			isa = XCBuildConfiguration;
			buildSettings = {
				ALWAYS_SEARCH_USER_PATHS = NO;
				CLANG_ANALYZER_NONNULL = YES;
				CLANG_ANALYZER_NUMBER_OBJECT_CONVERSION = YES_AGGRESSIVE;
				CLANG_CXX_LANGUAGE_STANDARD = "gnu++14";
				CLANG_CXX_LIBRARY = "libc++";
				CLANG_ENABLE_MODULES = YES;
				CLANG_ENABLE_OBJC_ARC = YES;
				CLANG_ENABLE_OBJC_WEAK = YES;
				CLANG_WARN_BLOCK_CAPTURE_AUTORELEASING = YES;
				CLANG_WARN_BOOL_CONVERSION = YES;
				CLANG_WARN_COMMA = YES;
				CLANG_WARN_CONSTANT_CONVERSION = YES;
				CLANG_WARN_DEPRECATED_OBJC_IMPLEMENTATIONS = YES;
				CLANG_WARN_DIRECT_OBJC_ISA_USAGE = YES_ERROR;
				CLANG_WARN_DOCUMENTATION_COMMENTS = YES;
				CLANG_WARN_EMPTY_BODY = YES;
				CLANG_WARN_ENUM_CONVERSION = YES;
				CLANG_WARN_INFINITE_RECURSION = YES;
				CLANG_WARN_INT_CONVERSION = YES;
				CLANG_WARN_NON_LITERAL_NULL_CONVERSION = YES;
				CLANG_WARN_OBJC_IMPLICIT_RETAIN_SELF = YES;
				CLANG_WARN_OBJC_LITERAL_CONVERSION = YES;
				CLANG_WARN_OBJC_ROOT_CLASS = YES_ERROR;
				CLANG_WARN_QUOTED_INCLUDE_IN_FRAMEWORK_HEADER = YES;
				CLANG_WARN_RANGE_LOOP_ANALYSIS = YES;
				CLANG_WARN_STRICT_PROTOTYPES = YES;
				CLANG_WARN_SUSPICIOUS_MOVE = YES;
				CLANG_WARN_UNGUARDED_AVAILABILITY = YES_AGGRESSIVE;
				CLANG_WARN_UNREACHABLE_CODE = YES;
				CLANG_WARN__DUPLICATE_METHOD_MATCH = YES;
				COPY_PHASE_STRIP = NO;
				DEBUG_INFORMATION_FORMAT = "dwarf-with-dsym";
				ENABLE_NS_ASSERTIONS = NO;
				ENABLE_STRICT_OBJC_MSGSEND = YES;
				GCC_C_LANGUAGE_STANDARD = gnu11;
				GCC_NO_COMMON_BLOCKS = YES;
				GCC_WARN_64_TO_32_BIT_CONVERSION = YES;
				GCC_WARN_ABOUT_RETURN_TYPE = YES_ERROR;
				GCC_WARN_UNDECLARED_SELECTOR = YES;
				GCC_WARN_UNINITIALIZED_AUTOS = YES_AGGRESSIVE;
				GCC_WARN_UNUSED_FUNCTION = YES;
				GCC_WARN_UNUSED_VARIABLE = YES;
				MTL_ENABLE_DEBUG_INFO = NO;
				MTL_FAST_MATH = YES;
				PRODUCT_NAME = "$(TARGET_NAME)";
				SDKROOT = iphoneos;
				SWIFT_COMPILATION_MODE = wholemodule;
				SWIFT_OPTIMIZATION_LEVEL = "-O";
				SWIFT_VERSION = 5.0;
			};
			name = Release;
		};
		EBF472E1446EEFA3A8B964A2 /* Debug */ = {
			isa = XCBuildConfiguration;
			buildSettings = {
				ASSETCATALOG_COMPILER_APPICON_NAME = AppIcon;
				CODE_SIGN_IDENTITY = "iPhone Developer";
				CODE_SIGN_STYLE = Automatic;
				DEVELOPMENT_TEAM = 75M38Z9JBF;
				GENERATE_INFOPLIST_FILE = YES;
				INFOPLIST_KEY_CFBundleDisplayName = BrickBreaker;
				INFOPLIST_KEY_NSCameraUsageDescription = "Camera is required so the Camera Control slider stays active while you steer the paddle.";
				INFOPLIST_KEY_UILaunchScreen_Generation = YES;
				IPHONEOS_DEPLOYMENT_TARGET = 18.0;
				LD_RUNPATH_SEARCH_PATHS = (
					"$(inherited)",
					"@executable_path/Frameworks",
				);
				PRODUCT_BUNDLE_IDENTIFIER = "com.ebenfeld.brickbreaker-camera";
				SDKROOT = iphoneos;
				TARGETED_DEVICE_FAMILY = 1;
			};
			name = Debug;
		};
/* End XCBuildConfiguration section */

/* Begin XCConfigurationList section */
		04961B5123382FA5228CF2ED /* Build configuration list for PBXNativeTarget "BrickBreakerCamera" */ = {
			isa = XCConfigurationList;
			buildConfigurations = (
				EBF472E1446EEFA3A8B964A2 /* Debug */,
				34EFF9B3E092051EBAC66ED7 /* Release */,
			);
			defaultConfigurationIsVisible = 0;
			defaultConfigurationName = Debug;
		};
		651B041C4103DF1BBA720F50 /* Build configuration list for PBXProject "BrickBreakerCamera" */ = {
			isa = XCConfigurationList;
			buildConfigurations = (
				2D40A0FDE97B44163A8032E7 /* Debug */,
				BA455B2550C282C2890AC9F8 /* Release */,
			);
			defaultConfigurationIsVisible = 0;
			defaultConfigurationName = Debug;
		};
/* End XCConfigurationList section */
	};
	rootObject = 2B310975DD06B22B00789159 /* Project object */;
}
